Microsoft Visual Studio Solution File, Format Version 12.00
# Visual Studio Version 17
VisualStudioVersion = 17.3.32929.385
MinimumVisualStudioVersion = 10.0.40219.1
Project("{9A19103F-16F7-4668-BE54-9A1E7A4F7556}") = "GitHub.Pages.Writer.API", "GitHub.Pages.Writer.API\GitHub.Pages.Writer.API.csproj", "{B6CA5CFE-4957-4422-9D4E-0E6329C099F2}"
EndProject
Project("{FAE04EC0-301F-11D3-BF4B-00C04F79EFBC}") = "GitHub.Pages.Writer.API.Tests", "GitHub.Pages.Writer.API.Tests\GitHub.Pages.Writer.API.Tests.csproj", "{03F72701-C63E-481D-9463-DFFCC22D6A1B}"
EndProject
Global
	GlobalSection(SolutionConfigurationPlatforms) = preSolution
		Debug|Any CPU = Debug|Any CPU
		Release|Any CPU = Release|Any CPU
	EndGlobalSection
	GlobalSection(ProjectConfigurationPlatforms) = postSolution
		{B6CA5CFE-4957-4422-9D4E-0E6329C099F2}.Debug|Any CPU.ActiveCfg = Debug|Any CPU
		{B6CA5CFE-4957-4422-9D4E-0E6329C099F2}.Debug|Any CPU.Build.0 = Debug|Any CPU
		{B6CA5CFE-4957-4422-9D4E-0E6329C099F2}.Release|Any CPU.ActiveCfg = Release|Any CPU
		{B6CA5CFE-4957-4422-9D4E-0E6329C099F2}.Release|Any CPU.Build.0 = Release|Any CPU
		{03F72701-C63E-481D-9463-DFFCC22D6A1B}.Debug|Any CPU.ActiveCfg = Debug|Any CPU
		{03F72701-C63E-481D-9463-DFFCC22D6A1B}.Debug|Any CPU.Build.0 = Debug|Any CPU
		{03F72701-C63E-481D-9463-DFFCC22D6A1B}.Release|Any CPU.ActiveCfg = Release|Any CPU
		{03F72701-C63E-481D-9463-DFFCC22D6A1B}.Release|Any CPU.Build.0 = Release|Any CPU
	EndGlobalSection
	GlobalSection(SolutionProperties) = preSolution
		HideSolutionNode = FALSE
	EndGlobalSection
	GlobalSection(ExtensibilityGlobals) = postSolution
		SolutionGuid = {671EB41F-53DA-4BEB-A9FB-CEAA24213281}
	EndGlobalSection
EndGlobal
